// !$*UTF8*$!
{
	archiveVersion = 1;
	classes = {
	};
	objectVersion = 46;
	objects = {

/* Begin PBXBuildFile section */
		F67E50AB940D2B81587EF85B /* Pods_SwiftGoogle.framework in Frameworks */ = {isa = PBXBuildFile; fileRef = 6198ACC2FAB4D7C64CE2D4FF /* Pods_SwiftGoogle.framework */; };
		FD16551E1C688B0C00932B82 /* BMSGoogleOAuth.swift in Sources */ = {isa = PBXBuildFile; fileRef = FD16551D1C688B0C00932B82 /* BMSGoogleOAuth.swift */; };
		FD4913081C60E7FD00A8E235 /* AppDelegate.swift in Sources */ = {isa = PBXBuildFile; fileRef = FD4913071C60E7FD00A8E235 /* AppDelegate.swift */; };
		FD49130A1C60E7FD00A8E235 /* ViewController.swift in Sources */ = {isa = PBXBuildFile; fileRef = FD4913091C60E7FD00A8E235 /* ViewController.swift */; };
		FD49130D1C60E7FD00A8E235 /* Main.storyboard in Resources */ = {isa = PBXBuildFile; fileRef = FD49130B1C60E7FD00A8E235 /* Main.storyboard */; };
		FD49130F1C60E7FD00A8E235 /* Assets.xcassets in Resources */ = {isa = PBXBuildFile; fileRef = FD49130E1C60E7FD00A8E235 /* Assets.xcassets */; };
		FD4913121C60E7FD00A8E235 /* LaunchScreen.storyboard in Resources */ = {isa = PBXBuildFile; fileRef = FD4913101C60E7FD00A8E235 /* LaunchScreen.storyboard */; };
		FD49131A1C60E8E600A8E235 /* GoogleService-Info.plist in Resources */ = {isa = PBXBuildFile; fileRef = FD4913191C60E8E600A8E235 /* GoogleService-Info.plist */; };
/* End PBXBuildFile section */

/* Begin PBXFileReference section */
		6198ACC2FAB4D7C64CE2D4FF /* Pods_SwiftGoogle.framework */ = {isa = PBXFileReference; explicitFileType = wrapper.framework; includeInIndex = 0; path = Pods_SwiftGoogle.framework; sourceTree = BUILT_PRODUCTS_DIR; };
		9B222376540F13F367F739A7 /* Pods-SwiftGoogle.debug.xcconfig */ = {isa = PBXFileReference; includeInIndex = 1; lastKnownFileType = text.xcconfig; name = "Pods-SwiftGoogle.debug.xcconfig"; path = "Pods/Target Support Files/Pods-SwiftGoogle/Pods-SwiftGoogle.debug.xcconfig"; sourceTree = "<group>"; };
		C99AE8A83CB828365B8BA65D /* Pods-SwiftGoogle.release.xcconfig */ = {isa = PBXFileReference; includeInIndex = 1; lastKnownFileType = text.xcconfig; name = "Pods-SwiftGoogle.release.xcconfig"; path = "Pods/Target Support Files/Pods-SwiftGoogle/Pods-SwiftGoogle.release.xcconfig"; sourceTree = "<group>"; };
		FD16551D1C688B0C00932B82 /* BMSGoogleOAuth.swift */ = {isa = PBXFileReference; fileEncoding = 4; lastKnownFileType = sourcecode.swift; path = BMSGoogleOAuth.swift; sourceTree = "<group>"; };
		FD4913041C60E7FD00A8E235 /* SwiftGoogle.app */ = {isa = PBXFileReference; explicitFileType = wrapper.application; includeInIndex = 0; path = SwiftGoogle.app; sourceTree = BUILT_PRODUCTS_DIR; };
		FD4913071C60E7FD00A8E235 /* AppDelegate.swift */ = {isa = PBXFileReference; lastKnownFileType = sourcecode.swift; path = AppDelegate.swift; sourceTree = "<group>"; };
		FD4913091C60E7FD00A8E235 /* ViewController.swift */ = {isa = PBXFileReference; lastKnownFileType = sourcecode.swift; path = ViewController.swift; sourceTree = "<group>"; };
		FD49130C1C60E7FD00A8E235 /* Base */ = {isa = PBXFileReference; lastKnownFileType = file.storyboard; name = Base; path = Base.lproj/Main.storyboard; sourceTree = "<group>"; };
		FD49130E1C60E7FD00A8E235 /* Assets.xcassets */ = {isa = PBXFileReference; lastKnownFileType = folder.assetcatalog; path = Assets.xcassets; sourceTree = "<group>"; };
		FD4913111C60E7FD00A8E235 /* Base */ = {isa = PBXFileReference; lastKnownFileType = file.storyboard; name = Base; path = Base.lproj/LaunchScreen.storyboard; sourceTree = "<group>"; };
		FD4913131C60E7FD00A8E235 /* Info.plist */ = {isa = PBXFileReference; lastKnownFileType = text.plist.xml; path = Info.plist; sourceTree = "<group>"; };
		FD4913191C60E8E600A8E235 /* GoogleService-Info.plist */ = {isa = PBXFileReference; fileEncoding = 4; lastKnownFileType = text.plist.xml; path = "GoogleService-Info.plist"; sourceTree = "<group>"; };
		FD49131B1C60E91700A8E235 /* SwiftGoogle-Bridging-Header.h */ = {isa = PBXFileReference; lastKnownFileType = sourcecode.c.h; path = "SwiftGoogle-Bridging-Header.h"; sourceTree = "<group>"; };
/* End PBXFileReference section */

/* Begin PBXFrameworksBuildPhase section */
		FD4913011C60E7FD00A8E235 /* Frameworks */ = {
			isa = PBXFrameworksBuildPhase;
			buildActionMask = 2147483647;
			files = (
				F67E50AB940D2B81587EF85B /* Pods_SwiftGoogle.framework in Frameworks */,
			);
			runOnlyForDeploymentPostprocessing = 0;
		};
/* End PBXFrameworksBuildPhase section */

/* Begin PBXGroup section */
		4BF02472C22CC3BED4ACD3AF /* Frameworks */ = {
			isa = PBXGroup;
			children = (
				6198ACC2FAB4D7C64CE2D4FF /* Pods_SwiftGoogle.framework */,
			);
			name = Frameworks;
			sourceTree = "<group>";
		};
		5B3BA1E81468E7EC4AEC3FE2 /* Pods */ = {
			isa = PBXGroup;
			children = (
				9B222376540F13F367F739A7 /* Pods-SwiftGoogle.debug.xcconfig */,
				C99AE8A83CB828365B8BA65D /* Pods-SwiftGoogle.release.xcconfig */,
			);
			name = Pods;
			sourceTree = "<group>";
		};
		FD16551C1C688B0C00932B82 /* Source */ = {
			isa = PBXGroup;
			children = (
				FD16551D1C688B0C00932B82 /* BMSGoogleOAuth.swift */,
			);
			path = Source;
			sourceTree = "<group>";
		};
		FD4912FB1C60E7FD00A8E235 = {
			isa = PBXGroup;
			children = (
				FD4913061C60E7FD00A8E235 /* SwiftGoogle */,
				FD4913051C60E7FD00A8E235 /* Products */,
				5B3BA1E81468E7EC4AEC3FE2 /* Pods */,
				4BF02472C22CC3BED4ACD3AF /* Frameworks */,
			);
			sourceTree = "<group>";
		};
		FD4913051C60E7FD00A8E235 /* Products */ = {
			isa = PBXGroup;
			children = (
				FD4913041C60E7FD00A8E235 /* SwiftGoogle.app */,
			);
			name = Products;
			sourceTree = "<group>";
		};
		FD4913061C60E7FD00A8E235 /* SwiftGoogle */ = {
			isa = PBXGroup;
			children = (
				FD16551C1C688B0C00932B82 /* Source */,
				FD4913191C60E8E600A8E235 /* GoogleService-Info.plist */,
				FD4913071C60E7FD00A8E235 /* AppDelegate.swift */,
				FD4913091C60E7FD00A8E235 /* ViewController.swift */,
				FD49130B1C60E7FD00A8E235 /* Main.storyboard */,
				FD49130E1C60E7FD00A8E235 /* Assets.xcassets */,
				FD4913101C60E7FD00A8E235 /* LaunchScreen.storyboard */,
				FD4913131C60E7FD00A8E235 /* Info.plist */,
				FD49131B1C60E91700A8E235 /* SwiftGoogle-Bridging-Header.h */,
			);
			path = SwiftGoogle;
			sourceTree = "<group>";
		};
/* End PBXGroup section */

/* Begin PBXNativeTarget section */
		FD4913031C60E7FD00A8E235 /* SwiftGoogle */ = {
			isa = PBXNativeTarget;
			buildConfigurationList = FD4913161C60E7FD00A8E235 /* Build configuration list for PBXNativeTarget "SwiftGoogle" */;
			buildPhases = (
				A667C697B4D64BA608EFCFEB /* Check Pods Manifest.lock */,
				FD4913001C60E7FD00A8E235 /* Sources */,
				FD4913011C60E7FD00A8E235 /* Frameworks */,
				FD4913021C60E7FD00A8E235 /* Resources */,
				1BCCC985826C363ADA7C0E49 /* Embed Pods Frameworks */,
				508828AB7D117E07B0D55CD5 /* Copy Pods Resources */,
			);
			buildRules = (
			);
			dependencies = (
			);
			name = SwiftGoogle;
			productName = SwiftGoogle;
			productReference = FD4913041C60E7FD00A8E235 /* SwiftGoogle.app */;
			productType = "com.apple.product-type.application";
		};
/* End PBXNativeTarget section */

/* Begin PBXProject section */
		FD4912FC1C60E7FD00A8E235 /* Project object */ = {
			isa = PBXProject;
			attributes = {
				LastSwiftUpdateCheck = 0720;
				LastUpgradeCheck = 0720;
				ORGANIZATIONNAME = ibm;
				TargetAttributes = {
					FD4913031C60E7FD00A8E235 = {
						CreatedOnToolsVersion = 7.2;
					};
				};
			};
			buildConfigurationList = FD4912FF1C60E7FD00A8E235 /* Build configuration list for PBXProject "SwiftGoogle" */;
			compatibilityVersion = "Xcode 3.2";
			developmentRegion = English;
			hasScannedForEncodings = 0;
			knownRegions = (
				en,
				Base,
			);
			mainGroup = FD4912FB1C60E7FD00A8E235;
			productRefGroup = FD4913051C60E7FD00A8E235 /* Products */;
			projectDirPath = "";
			projectRoot = "";
			targets = (
				FD4913031C60E7FD00A8E235 /* SwiftGoogle */,
			);
		};
/* End PBXProject section */

/* Begin PBXResourcesBuildPhase section */
		FD4913021C60E7FD00A8E235 /* Resources */ = {
			isa = PBXResourcesBuildPhase;
			buildActionMask = 2147483647;
			files = (
				FD4913121C60E7FD00A8E235 /* LaunchScreen.storyboard in Resources */,
				FD49131A1C60E8E600A8E235 /* GoogleService-Info.plist in Resources */,
				FD49130F1C60E7FD00A8E235 /* Assets.xcassets in Resources */,
				FD49130D1C60E7FD00A8E235 /* Main.storyboard in Resources */,
			);
			runOnlyForDeploymentPostprocessing = 0;
		};
/* End PBXResourcesBuildPhase section */

/* Begin PBXShellScriptBuildPhase section */
		1BCCC985826C363ADA7C0E49 /* Embed Pods Frameworks */ = {
			isa = PBXShellScriptBuildPhase;
			buildActionMask = 2147483647;
			files = (
			);
			inputPaths = (
			);
			name = "Embed Pods Frameworks";
			outputPaths = (
			);
			runOnlyForDeploymentPostprocessing = 0;
			shellPath = /bin/sh;
			shellScript = "\"${SRCROOT}/Pods/Target Support Files/Pods-SwiftGoogle/Pods-SwiftGoogle-frameworks.sh\"\n";
			showEnvVarsInLog = 0;
		};
		508828AB7D117E07B0D55CD5 /* Copy Pods Resources */ = {
			isa = PBXShellScriptBuildPhase;
			buildActionMask = 2147483647;
			files = (
			);
			inputPaths = (
			);
			name = "Copy Pods Resources";
			outputPaths = (
			);
			runOnlyForDeploymentPostprocessing = 0;
			shellPath = /bin/sh;
			shellScript = "\"${SRCROOT}/Pods/Target Support Files/Pods-SwiftGoogle/Pods-SwiftGoogle-resources.sh\"\n";
			showEnvVarsInLog = 0;
		};
		A667C697B4D64BA608EFCFEB /* Check Pods Manifest.lock */ = {
			isa = PBXShellScriptBuildPhase;
			buildActionMask = 2147483647;
			files = (
			);
			inputPaths = (
			);
			name = "Check Pods Manifest.lock";
			outputPaths = (
			);
			runOnlyForDeploymentPostprocessing = 0;
			shellPath = /bin/sh;
			shellScript = "diff \"${PODS_ROOT}/../Podfile.lock\" \"${PODS_ROOT}/Manifest.lock\" > /dev/null\nif [[ $? != 0 ]] ; then\n    cat << EOM\nerror: The sandbox is not in sync with the Podfile.lock. Run 'pod install' or update your CocoaPods installation.\nEOM\n    exit 1\nfi\n";
			showEnvVarsInLog = 0;
		};
/* End PBXShellScriptBuildPhase section */

/* Begin PBXSourcesBuildPhase section */
		FD4913001C60E7FD00A8E235 /* Sources */ = {
			isa = PBXSourcesBuildPhase;
			buildActionMask = 2147483647;
			files = (
				FD49130A1C60E7FD00A8E235 /* ViewController.swift in Sources */,
				FD4913081C60E7FD00A8E235 /* AppDelegate.swift in Sources */,
				FD16551E1C688B0C00932B82 /* BMSGoogleOAuth.swift in Sources */,
			);
			runOnlyForDeploymentPostprocessing = 0;
		};
/* End PBXSourcesBuildPhase section */

/* Begin PBXVariantGroup section */
		FD49130B1C60E7FD00A8E235 /* Main.storyboard */ = {
			isa = PBXVariantGroup;
			children = (
				FD49130C1C60E7FD00A8E235 /* Base */,
			);
			name = Main.storyboard;
			sourceTree = "<group>";
		};
		FD4913101C60E7FD00A8E235 /* LaunchScreen.storyboard */ = {
			isa = PBXVariantGroup;
			children = (
				FD4913111C60E7FD00A8E235 /* Base */,
			);
			name = LaunchScreen.storyboard;
			sourceTree = "<group>";
		};
/* End PBXVariantGroup section */

/* Begin XCBuildConfiguration section */
		FD4913141C60E7FD00A8E235 /* Debug */ = {
			isa = XCBuildConfiguration;
			buildSettings = {
				ALWAYS_SEARCH_USER_PATHS = NO;
				CLANG_CXX_LANGUAGE_STANDARD = "gnu++0x";
				CLANG_CXX_LIBRARY = "libc++";
				CLANG_ENABLE_MODULES = YES;
				CLANG_ENABLE_OBJC_ARC = YES;
				CLANG_WARN_BOOL_CONVERSION = YES;
				CLANG_WARN_CONSTANT_CONVERSION = YES;
				CLANG_WARN_DIRECT_OBJC_ISA_USAGE = YES_ERROR;
				CLANG_WARN_EMPTY_BODY = YES;
				CLANG_WARN_ENUM_CONVERSION = YES;
				CLANG_WARN_INT_CONVERSION = YES;
				CLANG_WARN_OBJC_ROOT_CLASS = YES_ERROR;
				CLANG_WARN_UNREACHABLE_CODE = YES;
				CLANG_WARN__DUPLICATE_METHOD_MATCH = YES;
				"CODE_SIGN_IDENTITY[sdk=iphoneos*]" = "iPhone Developer";
				COPY_PHASE_STRIP = NO;
				DEBUG_INFORMATION_FORMAT = dwarf;
				ENABLE_STRICT_OBJC_MSGSEND = YES;
				ENABLE_TESTABILITY = YES;
				GCC_C_LANGUAGE_STANDARD = gnu99;
				GCC_DYNAMIC_NO_PIC = NO;
				GCC_NO_COMMON_BLOCKS = YES;
				GCC_OPTIMIZATION_LEVEL = 0;
				GCC_PREPROCESSOR_DEFINITIONS = (
					"DEBUG=1",
					"$(inherited)",
				);
				GCC_WARN_64_TO_32_BIT_CONVERSION = YES;
				GCC_WARN_ABOUT_RETURN_TYPE = YES_ERROR;
				GCC_WARN_UNDECLARED_SELECTOR = YES;
				GCC_WARN_UNINITIALIZED_AUTOS = YES_AGGRESSIVE;
				GCC_WARN_UNUSED_FUNCTION = YES;
				GCC_WARN_UNUSED_VARIABLE = YES;
				IPHONEOS_DEPLOYMENT_TARGET = 9.2;
				MTL_ENABLE_DEBUG_INFO = YES;
				ONLY_ACTIVE_ARCH = YES;
				SDKROOT = iphoneos;
				SWIFT_OPTIMIZATION_LEVEL = "-Onone";
				TARGETED_DEVICE_FAMILY = "1,2";
			};
			name = Debug;
		};
		FD4913151C60E7FD00A8E235 /* Release */ = {
			isa = XCBuildConfiguration;
			buildSettings = {
				ALWAYS_SEARCH_USER_PATHS = NO;
				CLANG_CXX_LANGUAGE_STANDARD = "gnu++0x";
				CLANG_CXX_LIBRARY = "libc++";
				CLANG_ENABLE_MODULES = YES;
				CLANG_ENABLE_OBJC_ARC = YES;
				CLANG_WARN_BOOL_CONVERSION = YES;
				CLANG_WARN_CONSTANT_CONVERSION = YES;
				CLANG_WARN_DIRECT_OBJC_ISA_USAGE = YES_ERROR;
				CLANG_WARN_EMPTY_BODY = YES;
				CLANG_WARN_ENUM_CONVERSION = YES;
				CLANG_WARN_INT_CONVERSION = YES;
				CLANG_WARN_OBJC_ROOT_CLASS = YES_ERROR;
				CLANG_WARN_UNREACHABLE_CODE = YES;
				CLANG_WARN__DUPLICATE_METHOD_MATCH = YES;
				"CODE_SIGN_IDENTITY[sdk=iphoneos*]" = "iPhone Developer";
				COPY_PHASE_STRIP = NO;
				DEBUG_INFORMATION_FORMAT = "dwarf-with-dsym";
				ENABLE_NS_ASSERTIONS = NO;
				ENABLE_STRICT_OBJC_MSGSEND = YES;
				GCC_C_LANGUAGE_STANDARD = gnu99;
				GCC_NO_COMMON_BLOCKS = YES;
				GCC_WARN_64_TO_32_BIT_CONVERSION = YES;
				GCC_WARN_ABOUT_RETURN_TYPE = YES_ERROR;
				GCC_WARN_UNDECLARED_SELECTOR = YES;
				GCC_WARN_UNINITIALIZED_AUTOS = YES_AGGRESSIVE;
				GCC_WARN_UNUSED_FUNCTION = YES;
				GCC_WARN_UNUSED_VARIABLE = YES;
				IPHONEOS_DEPLOYMENT_TARGET = 9.2;
				MTL_ENABLE_DEBUG_INFO = NO;
				SDKROOT = iphoneos;
				TARGETED_DEVICE_FAMILY = "1,2";
				VALIDATE_PRODUCT = YES;
			};
			name = Release;
		};
		FD4913171C60E7FD00A8E235 /* Debug */ = {
			isa = XCBuildConfiguration;
			baseConfigurationReference = 9B222376540F13F367F739A7 /* Pods-SwiftGoogle.debug.xcconfig */;
			buildSettings = {
				ASSETCATALOG_COMPILER_APPICON_NAME = AppIcon;
				CLANG_ENABLE_MODULES = YES;
				INFOPLIST_FILE = SwiftGoogle/Info.plist;
				LD_RUNPATH_SEARCH_PATHS = "$(inherited) @executable_path/Frameworks";
				PRODUCT_BUNDLE_IDENTIFIER = com.ibm.test.SwiftGoogleTest;
				PRODUCT_NAME = "$(TARGET_NAME)";
				SWIFT_OBJC_BRIDGING_HEADER = "SwiftGoogle/SwiftGoogle-Bridging-Header.h";
				SWIFT_OPTIMIZATION_LEVEL = "-Onone";
			};
			name = Debug;
		};
		FD4913181C60E7FD00A8E235 /* Release */ = {
			isa = XCBuildConfiguration;
			baseConfigurationReference = C99AE8A83CB828365B8BA65D /* Pods-SwiftGoogle.release.xcconfig */;
			buildSettings = {
				ASSETCATALOG_COMPILER_APPICON_NAME = AppIcon;
				CLANG_ENABLE_MODULES = YES;
				INFOPLIST_FILE = SwiftGoogle/Info.plist;
				LD_RUNPATH_SEARCH_PATHS = "$(inherited) @executable_path/Frameworks";
				PRODUCT_BUNDLE_IDENTIFIER = com.ibm.test.SwiftGoogleTest;
				PRODUCT_NAME = "$(TARGET_NAME)";
				SWIFT_OBJC_BRIDGING_HEADER = "SwiftGoogle/SwiftGoogle-Bridging-Header.h";
			};
			name = Release;
		};
/* End XCBuildConfiguration section */

/* Begin XCConfigurationList section */
		FD4912FF1C60E7FD00A8E235 /* Build configuration list for PBXProject "SwiftGoogle" */ = {
			isa = XCConfigurationList;
			buildConfigurations = (
				FD4913141C60E7FD00A8E235 /* Debug */,
				FD4913151C60E7FD00A8E235 /* Release */,
			);
			defaultConfigurationIsVisible = 0;
			defaultConfigurationName = Release;
		};
		FD4913161C60E7FD00A8E235 /* Build configuration list for PBXNativeTarget "SwiftGoogle" */ = {
			isa = XCConfigurationList;
			buildConfigurations = (
				FD4913171C60E7FD00A8E235 /* Debug */,
				FD4913181C60E7FD00A8E235 /* Release */,
			);
			defaultConfigurationIsVisible = 0;
			defaultConfigurationName = Release;
		};
/* End XCConfigurationList section */
	};
	rootObject = FD4912FC1C60E7FD00A8E235 /* Project object */;
}
